
Microsoft Visual Studio Solution File, Format Version 12.00
# Visual Studio Version 16
VisualStudioVersion = 16.0.28803.202
MinimumVisualStudioVersion = 10.0.40219.1
Project("{FAE04EC0-301F-11D3-BF4B-00C04F79EFBC}") = "DropInMultiplayer", "DropInMultiplayer\DropInMultiplayer.csproj", "{A84D780D-5E69-4A1A-820E-03B7433DD2BE}"
EndProject
Global
	GlobalSection(SolutionConfigurationPlatforms) = preSolution
		Debug|Any CPU = Debug|Any CPU
		Release|Any CPU = Release|Any CPU
	EndGlobalSection
	GlobalSection(ProjectConfigurationPlatforms) = postSolution
		{A84D780D-5E69-4A1A-820E-03B7433DD2BE}.Debug|Any CPU.ActiveCfg = Debug|Any CPU
		{A84D780D-5E69-4A1A-820E-03B7433DD2BE}.Debug|Any CPU.Build.0 = Debug|Any CPU
		{A84D780D-5E69-4A1A-820E-03B7433DD2BE}.Release|Any CPU.ActiveCfg = Release|Any CPU
		{A84D780D-5E69-4A1A-820E-03B7433DD2BE}.Release|Any CPU.Build.0 = Release|Any CPU
	EndGlobalSection
	GlobalSection(SolutionProperties) = preSolution
		HideSolutionNode = FALSE
	EndGlobalSection
	GlobalSection(ExtensibilityGlobals) = postSolution
		SolutionGuid = {3D58AE32-4CCC-40DE-B0D8-BDE9DAB700EF}
	EndGlobalSection
EndGlobal
